version: 2.0
shards:
  amq-protocol:
    git: https://github.com/cloudamqp/amq-protocol.cr.git
    version: 1.3.1

  amqp-client:
    git: https://github.com/cloudamqp/amqp-client.cr.git
    version: 1.3.4

  global-amqp_channel:
    git: https://github.com/ch1c0t/crystal.global-amqp_channel.git
    version: 0.1.0+git.commit.692a8125d6a6c9d2d0c13685ee18cf27bb1abedb

  stumpy_core:
    git: https://github.com/stumpycr/stumpy_core.git
    version: 1.9.1

  stumpy_png:
    git: https://github.com/stumpycr/stumpy_png.git
    version: 5.0.1

